
Microsoft Visual Studio Solution File, Format Version 12.00
# Visual Studio Version 17
VisualStudioVersion = 17.14.36109.1 d17.14
MinimumVisualStudioVersion = 10.0.40219.1
Project("{FAE04EC0-301F-11D3-BF4B-00C04F79EFBC}") = "Core.Domain", "Core.Domain\Core.Domain.csproj", "{DCAC2897-3588-4B95-9C64-31F3AC11F8DD}"
EndProject
Project("{FAE04EC0-301F-11D3-BF4B-00C04F79EFBC}") = "Infrastructure.DataAccess", "Infrastructure.DataAccess\Infrastructure.DataAccess.csproj", "{E7485D78-F3C2-4716-A261-EC307CCF31CF}"
EndProject
Project("{FAE04EC0-301F-11D3-BF4B-00C04F79EFBC}") = "WebApp", "WebApp\WebApp.csproj", "{E135A6E7-DB75-4820-9B59-791613FDE121}"
EndProject
Global
	GlobalSection(SolutionConfigurationPlatforms) = preSolution
		Debug|Any CPU = Debug|Any CPU
		Release|Any CPU = Release|Any CPU
	EndGlobalSection
	GlobalSection(ProjectConfigurationPlatforms) = postSolution
		{DCAC2897-3588-4B95-9C64-31F3AC11F8DD}.Debug|Any CPU.ActiveCfg = Debug|Any CPU
		{DCAC2897-3588-4B95-9C64-31F3AC11F8DD}.Debug|Any CPU.Build.0 = Debug|Any CPU
		{DCAC2897-3588-4B95-9C64-31F3AC11F8DD}.Release|Any CPU.ActiveCfg = Release|Any CPU
		{DCAC2897-3588-4B95-9C64-31F3AC11F8DD}.Release|Any CPU.Build.0 = Release|Any CPU
		{E7485D78-F3C2-4716-A261-EC307CCF31CF}.Debug|Any CPU.ActiveCfg = Debug|Any CPU
		{E7485D78-F3C2-4716-A261-EC307CCF31CF}.Debug|Any CPU.Build.0 = Debug|Any CPU
		{E7485D78-F3C2-4716-A261-EC307CCF31CF}.Release|Any CPU.ActiveCfg = Release|Any CPU
		{E7485D78-F3C2-4716-A261-EC307CCF31CF}.Release|Any CPU.Build.0 = Release|Any CPU
		{E135A6E7-DB75-4820-9B59-791613FDE121}.Debug|Any CPU.ActiveCfg = Debug|Any CPU
		{E135A6E7-DB75-4820-9B59-791613FDE121}.Debug|Any CPU.Build.0 = Debug|Any CPU
		{E135A6E7-DB75-4820-9B59-791613FDE121}.Release|Any CPU.ActiveCfg = Release|Any CPU
		{E135A6E7-DB75-4820-9B59-791613FDE121}.Release|Any CPU.Build.0 = Release|Any CPU
	EndGlobalSection
	GlobalSection(SolutionProperties) = preSolution
		HideSolutionNode = FALSE
	EndGlobalSection
	GlobalSection(ExtensibilityGlobals) = postSolution
		SolutionGuid = {53307A8B-DC28-4ABD-8431-A64229282539}
	EndGlobalSection
EndGlobal
